
Microsoft Visual Studio Solution File, Format Version 12.00
# Visual Studio Version 17
VisualStudioVersion = 17.3.32825.248
MinimumVisualStudioVersion = 10.0.40219.1
Project("{FAE04EC0-301F-11D3-BF4B-00C04F79EFBC}") = "KeyPlayerColistion", "KeyPlayerColistion.csproj", "{6CF7A9AF-6B64-46E4-86C8-FDF14D563E7D}"
EndProject
Global
	GlobalSection(SolutionConfigurationPlatforms) = preSolution
		Debug|Any CPU = Debug|Any CPU
		Release|Any CPU = Release|Any CPU
	EndGlobalSection
	GlobalSection(ProjectConfigurationPlatforms) = postSolution
		{6CF7A9AF-6B64-46E4-86C8-FDF14D563E7D}.Debug|Any CPU.ActiveCfg = Debug|Any CPU
		{6CF7A9AF-6B64-46E4-86C8-FDF14D563E7D}.Debug|Any CPU.Build.0 = Debug|Any CPU
		{6CF7A9AF-6B64-46E4-86C8-FDF14D563E7D}.Release|Any CPU.ActiveCfg = Release|Any CPU
		{6CF7A9AF-6B64-46E4-86C8-FDF14D563E7D}.Release|Any CPU.Build.0 = Release|Any CPU
	EndGlobalSection
	GlobalSection(SolutionProperties) = preSolution
		HideSolutionNode = FALSE
	EndGlobalSection
	GlobalSection(ExtensibilityGlobals) = postSolution
		SolutionGuid = {B210ECCC-D150-4C6D-BCE8-808FE06998A2}
	EndGlobalSection
EndGlobal
